{
  "name": "CSR",
  "lockfileVersion": 2,
  "requires": true,
  "packages": {
    "": {
      "dependencies": {
        "highcharts": "^10.2.1",
        "push.js": "^1.0.12"
      }
    },
    "node_modules/highcharts": {
      "version": "10.2.1",
      "resolved": "https://registry.npmjs.org/highcharts/-/highcharts-10.2.1.tgz",
      "integrity": "sha512-4QwLQwWc0XdBHXc2Uy6IJisAUir+sgQIMyFqYZc3BD9iFSFUdllLkRyoed6y33aPb73LAMZE2qLB5SuLqFE/fg=="
    },
    "node_modules/push.js": {
      "version": "1.0.12",
      "resolved": "https://registry.npmjs.org/push.js/-/push.js-1.0.12.tgz",
      "integrity": "sha512-Mo/zkrPD58hcbMvC/9WveUPGz0PJ4T5UwQJP6DnMYbyxe7b1xM/9qqmJTMmDcprbZjCtLzf9wWtek7gA8O9QBw=="
    }
  },
  "dependencies": {
    "highcharts": {
      "version": "10.2.1",
      "resolved": "https://registry.npmjs.org/highcharts/-/highcharts-10.2.1.tgz",
      "integrity": "sha512-4QwLQwWc0XdBHXc2Uy6IJisAUir+sgQIMyFqYZc3BD9iFSFUdllLkRyoed6y33aPb73LAMZE2qLB5SuLqFE/fg=="
    },
    "push.js": {
      "version": "1.0.12",
      "resolved": "https://registry.npmjs.org/push.js/-/push.js-1.0.12.tgz",
      "integrity": "sha512-Mo/zkrPD58hcbMvC/9WveUPGz0PJ4T5UwQJP6DnMYbyxe7b1xM/9qqmJTMmDcprbZjCtLzf9wWtek7gA8O9QBw=="
    }
  }
}
